
Microsoft Visual Studio Solution File, Format Version 12.00
# Visual Studio Version 16
VisualStudioVersion = 16.0.30503.244
MinimumVisualStudioVersion = 10.0.40219.1
Project("{9A19103F-16F7-4668-BE54-9A1E7A4F7556}") = "DesafioClasses", "DesafioClasses.csproj", "{4FFCBE2E-A364-445A-A091-105898CAE779}"
EndProject
Project("{FAE04EC0-301F-11D3-BF4B-00C04F79EFBC}") = "DesafioTeams", "..\DesafioTeams\DesafioTeams.csproj", "{765F42F5-1CCC-4660-A6B0-C810E6C4F693}"
EndProject
Global
	GlobalSection(SolutionConfigurationPlatforms) = preSolution
		Debug|Any CPU = Debug|Any CPU
		Release|Any CPU = Release|Any CPU
	EndGlobalSection
	GlobalSection(ProjectConfigurationPlatforms) = postSolution
		{4FFCBE2E-A364-445A-A091-105898CAE779}.Debug|Any CPU.ActiveCfg = Debug|Any CPU
		{4FFCBE2E-A364-445A-A091-105898CAE779}.Debug|Any CPU.Build.0 = Debug|Any CPU
		{4FFCBE2E-A364-445A-A091-105898CAE779}.Release|Any CPU.ActiveCfg = Release|Any CPU
		{4FFCBE2E-A364-445A-A091-105898CAE779}.Release|Any CPU.Build.0 = Release|Any CPU
		{765F42F5-1CCC-4660-A6B0-C810E6C4F693}.Debug|Any CPU.ActiveCfg = Debug|Any CPU
		{765F42F5-1CCC-4660-A6B0-C810E6C4F693}.Debug|Any CPU.Build.0 = Debug|Any CPU
		{765F42F5-1CCC-4660-A6B0-C810E6C4F693}.Release|Any CPU.ActiveCfg = Release|Any CPU
		{765F42F5-1CCC-4660-A6B0-C810E6C4F693}.Release|Any CPU.Build.0 = Release|Any CPU
	EndGlobalSection
	GlobalSection(SolutionProperties) = preSolution
		HideSolutionNode = FALSE
	EndGlobalSection
	GlobalSection(ExtensibilityGlobals) = postSolution
		SolutionGuid = {F8B66389-610F-49D3-91D9-9C507E5FFE5C}
	EndGlobalSection
EndGlobal
